<Solution>
  <Project Path="AirbnbMVP.API/AirbnbMVP.API.csproj" />
  <Project Path="AirbnbMVP.BLL/AirbnbMVP.BLL.csproj" Id="88cc24d5-266f-4400-9531-dde7aff635da" />
  <Project Path="AirbnbMVP.DAL/AirbnbMVP.DAL.csproj" Id="69ea3d2d-3dae-4254-bf3e-1152c2bd8e6e" />
  <Project Path="AirbnbMVP.Tests.Integration/AirbnbMVP.Tests.Integration.csproj" />
  <Project Path="AirbnbMVP.Tests.Unit/AirbnbMVP.Tests.Unit.csproj" />
</Solution>
